{
  "name": "data-colon",
  "version": "0.0.2",
  "lockfileVersion": 1,
  "requires": true,
  "dependencies": {
    "commander": {
      "version": "2.20.0",
      "resolved": "https://registry.npmjs.org/commander/-/commander-2.20.0.tgz",
      "integrity": "sha512-7j2y+40w61zy6YC2iRNpUe/NwhNyoXrYpHMrSunaMG64nRnaf96zO/KMQR4OyN/UnE5KLyEBnKHd4aG3rskjpQ=="
    },
    "mime": {
      "version": "2.4.3",
      "resolved": "https://registry.npmjs.org/mime/-/mime-2.4.3.tgz",
      "integrity": "sha512-QgrPRJfE+riq5TPZMcHZOtm8c6K/yYrMbKIoRfapfiGLxS8OTeIfRhUGW5LU7MlRa52KOAGCfUNruqLrIBvWZw=="
    },
    "strong-data-uri": {
      "version": "1.0.6",
      "resolved": "https://registry.npmjs.org/strong-data-uri/-/strong-data-uri-1.0.6.tgz",
      "integrity": "sha512-zhzBZev0uhT2IrFUerenXhfaE0vFUYwAZsnG0gIKGpfM/Gi6jOUQ3cmcvyTsXeDLIPiTubHESeO7EbD6FoPmzw==",
      "requires": {
        "truncate": "^2.0.1"
      }
    },
    "truncate": {
      "version": "2.1.0",
      "resolved": "https://registry.npmjs.org/truncate/-/truncate-2.1.0.tgz",
      "integrity": "sha512-em3E3SUDONOjTBcZ36DTm3RvDded3IRU9rX32oHwwXNt3rJD5MVaFlJTQvs8tJoHRoeYP36OuQ1eL/Q7bNEWIQ=="
    }
  }
}
